
Microsoft Visual Studio Solution File, Format Version 12.00
# Visual Studio Version 16
VisualStudioVersion = 16.0.28922.388
MinimumVisualStudioVersion = 10.0.40219.1
Project("{8BC9CEB8-8B4A-11D0-8D11-00A0C91BC942}") = "Prakt3", "Prakt3.vcxproj", "{2605D6D8-E370-4EC5-AFB3-0E8C503B286D}"
EndProject
Global
	GlobalSection(SolutionConfigurationPlatforms) = preSolution
		Debug|x64 = Debug|x64
		Debug|x86 = Debug|x86
		Release|x64 = Release|x64
		Release|x86 = Release|x86
	EndGlobalSection
	GlobalSection(ProjectConfigurationPlatforms) = postSolution
		{2605D6D8-E370-4EC5-AFB3-0E8C503B286D}.Debug|x64.ActiveCfg = Debug|x64
		{2605D6D8-E370-4EC5-AFB3-0E8C503B286D}.Debug|x64.Build.0 = Debug|x64
		{2605D6D8-E370-4EC5-AFB3-0E8C503B286D}.Debug|x86.ActiveCfg = Debug|Win32
		{2605D6D8-E370-4EC5-AFB3-0E8C503B286D}.Debug|x86.Build.0 = Debug|Win32
		{2605D6D8-E370-4EC5-AFB3-0E8C503B286D}.Release|x64.ActiveCfg = Release|x64
		{2605D6D8-E370-4EC5-AFB3-0E8C503B286D}.Release|x64.Build.0 = Release|x64
		{2605D6D8-E370-4EC5-AFB3-0E8C503B286D}.Release|x86.ActiveCfg = Release|Win32
		{2605D6D8-E370-4EC5-AFB3-0E8C503B286D}.Release|x86.Build.0 = Release|Win32
	EndGlobalSection
	GlobalSection(SolutionProperties) = preSolution
		HideSolutionNode = FALSE
	EndGlobalSection
	GlobalSection(ExtensibilityGlobals) = postSolution
		SolutionGuid = {CBE9633A-2450-449F-BFF6-21A791FBDED4}
	EndGlobalSection
EndGlobal
